
Microsoft Visual Studio Solution File, Format Version 12.00
# Visual Studio 2013
VisualStudioVersion = 12.0.21005.1
MinimumVisualStudioVersion = 10.0.40219.1
Project("{8BC9CEB8-8B4A-11D0-8D11-00A0C91BC942}") = "hellocpp", "hellocpp\hellocpp.vcxproj", "{599B417A-C98A-41E0-9ED6-647B8569CC1C}"
EndProject
Project("{8BC9CEB8-8B4A-11D0-8D11-00A0C91BC942}") = "autoupdate_client", "autoupdate_client\autoupdate_client.vcxproj", "{8A18F398-67D9-45CE-8CEA-4CCC86B6182D}"
EndProject
Global
	GlobalSection(SolutionConfigurationPlatforms) = preSolution
		Debug|Win32 = Debug|Win32
		Release|Win32 = Release|Win32
	EndGlobalSection
	GlobalSection(ProjectConfigurationPlatforms) = postSolution
		{599B417A-C98A-41E0-9ED6-647B8569CC1C}.Debug|Win32.ActiveCfg = Debug|Win32
		{599B417A-C98A-41E0-9ED6-647B8569CC1C}.Debug|Win32.Build.0 = Debug|Win32
		{599B417A-C98A-41E0-9ED6-647B8569CC1C}.Release|Win32.ActiveCfg = Release|Win32
		{599B417A-C98A-41E0-9ED6-647B8569CC1C}.Release|Win32.Build.0 = Release|Win32
		{8A18F398-67D9-45CE-8CEA-4CCC86B6182D}.Debug|Win32.ActiveCfg = Debug|Win32
		{8A18F398-67D9-45CE-8CEA-4CCC86B6182D}.Debug|Win32.Build.0 = Debug|Win32
		{8A18F398-67D9-45CE-8CEA-4CCC86B6182D}.Release|Win32.ActiveCfg = Release|Win32
		{8A18F398-67D9-45CE-8CEA-4CCC86B6182D}.Release|Win32.Build.0 = Release|Win32
	EndGlobalSection
	GlobalSection(SolutionProperties) = preSolution
		HideSolutionNode = FALSE
	EndGlobalSection
EndGlobal
